
Microsoft Visual Studio Solution File, Format Version 12.00
# Visual Studio Version 16
VisualStudioVersion = 16.0.30128.74
MinimumVisualStudioVersion = 10.0.40219.1
Project("{8BC9CEB8-8B4A-11D0-8D11-00A0C91BC942}") = "Sandbox", "Sandbox\Sandbox.vcxproj", "{443363BC-4107-4ECC-BAF8-6C638E75E88B}"
EndProject
Project("{8BC9CEB8-8B4A-11D0-8D11-00A0C91BC942}") = "Hazel", "Hazel\Hazel.vcxproj", "{B9DC8A5A-D8C6-4FAA-B126-746FD1FFDF41}"
EndProject
Global
	GlobalSection(SolutionConfigurationPlatforms) = preSolution
		Debug|x64 = Debug|x64
		Release|x64 = Release|x64
	EndGlobalSection
	GlobalSection(ProjectConfigurationPlatforms) = postSolution
		{B9DC8A5A-D8C6-4FAA-B126-746FD1FFDF41}.Debug|x64.ActiveCfg = Debug|x64
		{B9DC8A5A-D8C6-4FAA-B126-746FD1FFDF41}.Debug|x64.Build.0 = Debug|x64
		{B9DC8A5A-D8C6-4FAA-B126-746FD1FFDF41}.Release|x64.ActiveCfg = Release|x64
		{B9DC8A5A-D8C6-4FAA-B126-746FD1FFDF41}.Release|x64.Build.0 = Release|x64
		{443363BC-4107-4ECC-BAF8-6C638E75E88B}.Debug|x64.ActiveCfg = Debug|x64
		{443363BC-4107-4ECC-BAF8-6C638E75E88B}.Debug|x64.Build.0 = Debug|x64
		{443363BC-4107-4ECC-BAF8-6C638E75E88B}.Release|x64.ActiveCfg = Release|x64
		{443363BC-4107-4ECC-BAF8-6C638E75E88B}.Release|x64.Build.0 = Release|x64
	EndGlobalSection
	GlobalSection(SolutionProperties) = preSolution
		HideSolutionNode = FALSE
	EndGlobalSection
	GlobalSection(ExtensibilityGlobals) = postSolution
		SolutionGuid = {AFD212A4-A824-4CA1-80FE-906DCB5F2DCF}
	EndGlobalSection
EndGlobal
